
Microsoft Visual Studio Solution File, Format Version 12.00
# Visual Studio Version 17
VisualStudioVersion = 17.3.32825.248
MinimumVisualStudioVersion = 10.0.40219.1
Project("{FAE04EC0-301F-11D3-BF4B-00C04F79EFBC}") = "LINQ", "LINQ\LINQ.csproj", "{7AAE7100-C71C-4DD8-A168-A1622052D8DD}"
EndProject
Global
	GlobalSection(SolutionConfigurationPlatforms) = preSolution
		Debug|Any CPU = Debug|Any CPU
		Release|Any CPU = Release|Any CPU
	EndGlobalSection
	GlobalSection(ProjectConfigurationPlatforms) = postSolution
		{7AAE7100-C71C-4DD8-A168-A1622052D8DD}.Debug|Any CPU.ActiveCfg = Debug|Any CPU
		{7AAE7100-C71C-4DD8-A168-A1622052D8DD}.Debug|Any CPU.Build.0 = Debug|Any CPU
		{7AAE7100-C71C-4DD8-A168-A1622052D8DD}.Release|Any CPU.ActiveCfg = Release|Any CPU
		{7AAE7100-C71C-4DD8-A168-A1622052D8DD}.Release|Any CPU.Build.0 = Release|Any CPU
	EndGlobalSection
	GlobalSection(SolutionProperties) = preSolution
		HideSolutionNode = FALSE
	EndGlobalSection
	GlobalSection(ExtensibilityGlobals) = postSolution
		SolutionGuid = {9D6D727C-7518-42F1-8562-1DF7B391C103}
	EndGlobalSection
EndGlobal
